// !$*UTF8*$!
{
	archiveVersion = 1;
	classes = {
	};
	objectVersion = 50;
	objects = {

/* Begin PBXBuildFile section */
		E1A517BB244E3E520020B060 /* AppDelegate.swift in Sources */ = {isa = PBXBuildFile; fileRef = E1A517BA244E3E520020B060 /* AppDelegate.swift */; };
		E1A517BD244E3E520020B060 /* SceneDelegate.swift in Sources */ = {isa = PBXBuildFile; fileRef = E1A517BC244E3E520020B060 /* SceneDelegate.swift */; };
		E1A517BF244E3E520020B060 /* ViewController.swift in Sources */ = {isa = PBXBuildFile; fileRef = E1A517BE244E3E520020B060 /* ViewController.swift */; };
		E1A517C2244E3E520020B060 /* Main.storyboard in Resources */ = {isa = PBXBuildFile; fileRef = E1A517C0244E3E520020B060 /* Main.storyboard */; };
		E1A517C4244E3E530020B060 /* Assets.xcassets in Resources */ = {isa = PBXBuildFile; fileRef = E1A517C3244E3E530020B060 /* Assets.xcassets */; };
		E1A517C7244E3E530020B060 /* LaunchScreen.storyboard in Resources */ = {isa = PBXBuildFile; fileRef = E1A517C5244E3E530020B060 /* LaunchScreen.storyboard */; };
		E1A517D3244E44A40020B060 /* DelegateViewController.swift in Sources */ = {isa = PBXBuildFile; fileRef = E1A517D2244E44A40020B060 /* DelegateViewController.swift */; };
		E1A517D5244E44B70020B060 /* ClosureViewController.swift in Sources */ = {isa = PBXBuildFile; fileRef = E1A517D4244E44B70020B060 /* ClosureViewController.swift */; };
		E1AFC291244E78EC007D333C /* TestViewController.swift in Sources */ = {isa = PBXBuildFile; fileRef = E1AFC28F244E78EC007D333C /* TestViewController.swift */; };
		E1AFC292244E78EC007D333C /* TestViewController.xib in Resources */ = {isa = PBXBuildFile; fileRef = E1AFC290244E78EC007D333C /* TestViewController.xib */; };
/* End PBXBuildFile section */

/* Begin PBXFileReference section */
		E1A517B7244E3E520020B060 /* Passing Data Between View Controllers Using Protocol Delegate and Closures.app */ = {isa = PBXFileReference; explicitFileType = wrapper.application; includeInIndex = 0; path = "Passing Data Between View Controllers Using Protocol Delegate and Closures.app"; sourceTree = BUILT_PRODUCTS_DIR; };
		E1A517BA244E3E520020B060 /* AppDelegate.swift */ = {isa = PBXFileReference; lastKnownFileType = sourcecode.swift; path = AppDelegate.swift; sourceTree = "<group>"; };
		E1A517BC244E3E520020B060 /* SceneDelegate.swift */ = {isa = PBXFileReference; lastKnownFileType = sourcecode.swift; path = SceneDelegate.swift; sourceTree = "<group>"; };
		E1A517BE244E3E520020B060 /* ViewController.swift */ = {isa = PBXFileReference; lastKnownFileType = sourcecode.swift; path = ViewController.swift; sourceTree = "<group>"; };
		E1A517C1244E3E520020B060 /* Base */ = {isa = PBXFileReference; lastKnownFileType = file.storyboard; name = Base; path = Base.lproj/Main.storyboard; sourceTree = "<group>"; };
		E1A517C3244E3E530020B060 /* Assets.xcassets */ = {isa = PBXFileReference; lastKnownFileType = folder.assetcatalog; path = Assets.xcassets; sourceTree = "<group>"; };
		E1A517C6244E3E530020B060 /* Base */ = {isa = PBXFileReference; lastKnownFileType = file.storyboard; name = Base; path = Base.lproj/LaunchScreen.storyboard; sourceTree = "<group>"; };
		E1A517C8244E3E530020B060 /* Info.plist */ = {isa = PBXFileReference; lastKnownFileType = text.plist.xml; path = Info.plist; sourceTree = "<group>"; };
		E1A517D2244E44A40020B060 /* DelegateViewController.swift */ = {isa = PBXFileReference; lastKnownFileType = sourcecode.swift; path = DelegateViewController.swift; sourceTree = "<group>"; };
		E1A517D4244E44B70020B060 /* ClosureViewController.swift */ = {isa = PBXFileReference; lastKnownFileType = sourcecode.swift; path = ClosureViewController.swift; sourceTree = "<group>"; };
		E1AFC28F244E78EC007D333C /* TestViewController.swift */ = {isa = PBXFileReference; lastKnownFileType = sourcecode.swift; path = TestViewController.swift; sourceTree = "<group>"; };
		E1AFC290244E78EC007D333C /* TestViewController.xib */ = {isa = PBXFileReference; lastKnownFileType = file.xib; path = TestViewController.xib; sourceTree = "<group>"; };
/* End PBXFileReference section */

/* Begin PBXFrameworksBuildPhase section */
		E1A517B4244E3E520020B060 /* Frameworks */ = {
			isa = PBXFrameworksBuildPhase;
			buildActionMask = 2147483647;
			files = (
			);
			runOnlyForDeploymentPostprocessing = 0;
		};
/* End PBXFrameworksBuildPhase section */

/* Begin PBXGroup section */
		E1A517AE244E3E520020B060 = {
			isa = PBXGroup;
			children = (
				E1A517B9244E3E520020B060 /* Passing Data Between View Controllers Using Protocol Delegate and Closures */,
				E1A517B8244E3E520020B060 /* Products */,
			);
			sourceTree = "<group>";
		};
		E1A517B8244E3E520020B060 /* Products */ = {
			isa = PBXGroup;
			children = (
				E1A517B7244E3E520020B060 /* Passing Data Between View Controllers Using Protocol Delegate and Closures.app */,
			);
			name = Products;
			sourceTree = "<group>";
		};
		E1A517B9244E3E520020B060 /* Passing Data Between View Controllers Using Protocol Delegate and Closures */ = {
			isa = PBXGroup;
			children = (
				E1A517BA244E3E520020B060 /* AppDelegate.swift */,
				E1A517BC244E3E520020B060 /* SceneDelegate.swift */,
				E1A517BE244E3E520020B060 /* ViewController.swift */,
				E1A517D2244E44A40020B060 /* DelegateViewController.swift */,
				E1A517D4244E44B70020B060 /* ClosureViewController.swift */,
				E1A517C0244E3E520020B060 /* Main.storyboard */,
				E1A517C3244E3E530020B060 /* Assets.xcassets */,
				E1A517C5244E3E530020B060 /* LaunchScreen.storyboard */,
				E1A517C8244E3E530020B060 /* Info.plist */,
				E1AFC28F244E78EC007D333C /* TestViewController.swift */,
				E1AFC290244E78EC007D333C /* TestViewController.xib */,
			);
			path = "Passing Data Between View Controllers Using Protocol Delegate and Closures";
			sourceTree = "<group>";
		};
/* End PBXGroup section */

/* Begin PBXNativeTarget section */
		E1A517B6244E3E520020B060 /* Passing Data Between View Controllers Using Protocol Delegate and Closures */ = {
			isa = PBXNativeTarget;
			buildConfigurationList = E1A517CB244E3E530020B060 /* Build configuration list for PBXNativeTarget "Passing Data Between View Controllers Using Protocol Delegate and Closures" */;
			buildPhases = (
				E1A517B3244E3E520020B060 /* Sources */,
				E1A517B4244E3E520020B060 /* Frameworks */,
				E1A517B5244E3E520020B060 /* Resources */,
			);
			buildRules = (
			);
			dependencies = (
			);
			name = "Passing Data Between View Controllers Using Protocol Delegate and Closures";
			productName = "Passing Data Between View Controllers Using Protocol Delegate and Closures";
			productReference = E1A517B7244E3E520020B060 /* Passing Data Between View Controllers Using Protocol Delegate and Closures.app */;
			productType = "com.apple.product-type.application";
		};
/* End PBXNativeTarget section */

/* Begin PBXProject section */
		E1A517AF244E3E520020B060 /* Project object */ = {
			isa = PBXProject;
			attributes = {
				LastSwiftUpdateCheck = 1140;
				LastUpgradeCheck = 1140;
				ORGANIZATIONNAME = "Jason Pinlac";
				TargetAttributes = {
					E1A517B6244E3E520020B060 = {
						CreatedOnToolsVersion = 11.4;
					};
				};
			};
			buildConfigurationList = E1A517B2244E3E520020B060 /* Build configuration list for PBXProject "Passing Data Between View Controllers Using Protocol Delegate and Closures" */;
			compatibilityVersion = "Xcode 9.3";
			developmentRegion = en;
			hasScannedForEncodings = 0;
			knownRegions = (
				en,
				Base,
			);
			mainGroup = E1A517AE244E3E520020B060;
			productRefGroup = E1A517B8244E3E520020B060 /* Products */;
			projectDirPath = "";
			projectRoot = "";
			targets = (
				E1A517B6244E3E520020B060 /* Passing Data Between View Controllers Using Protocol Delegate and Closures */,
			);
		};
/* End PBXProject section */

/* Begin PBXResourcesBuildPhase section */
		E1A517B5244E3E520020B060 /* Resources */ = {
			isa = PBXResourcesBuildPhase;
			buildActionMask = 2147483647;
			files = (
				E1A517C7244E3E530020B060 /* LaunchScreen.storyboard in Resources */,
				E1A517C4244E3E530020B060 /* Assets.xcassets in Resources */,
				E1AFC292244E78EC007D333C /* TestViewController.xib in Resources */,
				E1A517C2244E3E520020B060 /* Main.storyboard in Resources */,
			);
			runOnlyForDeploymentPostprocessing = 0;
		};
/* End PBXResourcesBuildPhase section */

/* Begin PBXSourcesBuildPhase section */
		E1A517B3244E3E520020B060 /* Sources */ = {
			isa = PBXSourcesBuildPhase;
			buildActionMask = 2147483647;
			files = (
				E1A517BF244E3E520020B060 /* ViewController.swift in Sources */,
				E1A517D3244E44A40020B060 /* DelegateViewController.swift in Sources */,
				E1A517D5244E44B70020B060 /* ClosureViewController.swift in Sources */,
				E1A517BB244E3E520020B060 /* AppDelegate.swift in Sources */,
				E1AFC291244E78EC007D333C /* TestViewController.swift in Sources */,
				E1A517BD244E3E520020B060 /* SceneDelegate.swift in Sources */,
			);
			runOnlyForDeploymentPostprocessing = 0;
		};
/* End PBXSourcesBuildPhase section */

/* Begin PBXVariantGroup section */
		E1A517C0244E3E520020B060 /* Main.storyboard */ = {
			isa = PBXVariantGroup;
			children = (
				E1A517C1244E3E520020B060 /* Base */,
			);
			name = Main.storyboard;
			sourceTree = "<group>";
		};
		E1A517C5244E3E530020B060 /* LaunchScreen.storyboard */ = {
			isa = PBXVariantGroup;
			children = (
				E1A517C6244E3E530020B060 /* Base */,
			);
			name = LaunchScreen.storyboard;
			sourceTree = "<group>";
		};
/* End PBXVariantGroup section */

/* Begin XCBuildConfiguration section */
		E1A517C9244E3E530020B060 /* Debug */ = {
			isa = XCBuildConfiguration;
			buildSettings = {
				ALWAYS_SEARCH_USER_PATHS = NO;
				CLANG_ANALYZER_NONNULL = YES;
				CLANG_ANALYZER_NUMBER_OBJECT_CONVERSION = YES_AGGRESSIVE;
				CLANG_CXX_LANGUAGE_STANDARD = "gnu++14";
				CLANG_CXX_LIBRARY = "libc++";
				CLANG_ENABLE_MODULES = YES;
				CLANG_ENABLE_OBJC_ARC = YES;
				CLANG_ENABLE_OBJC_WEAK = YES;
				CLANG_WARN_BLOCK_CAPTURE_AUTORELEASING = YES;
				CLANG_WARN_BOOL_CONVERSION = YES;
				CLANG_WARN_COMMA = YES;
				CLANG_WARN_CONSTANT_CONVERSION = YES;
				CLANG_WARN_DEPRECATED_OBJC_IMPLEMENTATIONS = YES;
				CLANG_WARN_DIRECT_OBJC_ISA_USAGE = YES_ERROR;
				CLANG_WARN_DOCUMENTATION_COMMENTS = YES;
				CLANG_WARN_EMPTY_BODY = YES;
				CLANG_WARN_ENUM_CONVERSION = YES;
				CLANG_WARN_INFINITE_RECURSION = YES;
				CLANG_WARN_INT_CONVERSION = YES;
				CLANG_WARN_NON_LITERAL_NULL_CONVERSION = YES;
				CLANG_WARN_OBJC_IMPLICIT_RETAIN_SELF = YES;
				CLANG_WARN_OBJC_LITERAL_CONVERSION = YES;
				CLANG_WARN_OBJC_ROOT_CLASS = YES_ERROR;
				CLANG_WARN_RANGE_LOOP_ANALYSIS = YES;
				CLANG_WARN_STRICT_PROTOTYPES = YES;
				CLANG_WARN_SUSPICIOUS_MOVE = YES;
				CLANG_WARN_UNGUARDED_AVAILABILITY = YES_AGGRESSIVE;
				CLANG_WARN_UNREACHABLE_CODE = YES;
				CLANG_WARN__DUPLICATE_METHOD_MATCH = YES;
				COPY_PHASE_STRIP = NO;
				DEBUG_INFORMATION_FORMAT = dwarf;
				ENABLE_STRICT_OBJC_MSGSEND = YES;
				ENABLE_TESTABILITY = YES;
				GCC_C_LANGUAGE_STANDARD = gnu11;
				GCC_DYNAMIC_NO_PIC = NO;
				GCC_NO_COMMON_BLOCKS = YES;
				GCC_OPTIMIZATION_LEVEL = 0;
				GCC_PREPROCESSOR_DEFINITIONS = (
					"DEBUG=1",
					"$(inherited)",
				);
				GCC_WARN_64_TO_32_BIT_CONVERSION = YES;
				GCC_WARN_ABOUT_RETURN_TYPE = YES_ERROR;
				GCC_WARN_UNDECLARED_SELECTOR = YES;
				GCC_WARN_UNINITIALIZED_AUTOS = YES_AGGRESSIVE;
				GCC_WARN_UNUSED_FUNCTION = YES;
				GCC_WARN_UNUSED_VARIABLE = YES;
				IPHONEOS_DEPLOYMENT_TARGET = 13.4;
				MTL_ENABLE_DEBUG_INFO = INCLUDE_SOURCE;
				MTL_FAST_MATH = YES;
				ONLY_ACTIVE_ARCH = YES;
				SDKROOT = iphoneos;
				SWIFT_ACTIVE_COMPILATION_CONDITIONS = DEBUG;
				SWIFT_OPTIMIZATION_LEVEL = "-Onone";
			};
			name = Debug;
		};
		E1A517CA244E3E530020B060 /* Release */ = {
			isa = XCBuildConfiguration;
			buildSettings = {
				ALWAYS_SEARCH_USER_PATHS = NO;
				CLANG_ANALYZER_NONNULL = YES;
				CLANG_ANALYZER_NUMBER_OBJECT_CONVERSION = YES_AGGRESSIVE;
				CLANG_CXX_LANGUAGE_STANDARD = "gnu++14";
				CLANG_CXX_LIBRARY = "libc++";
				CLANG_ENABLE_MODULES = YES;
				CLANG_ENABLE_OBJC_ARC = YES;
				CLANG_ENABLE_OBJC_WEAK = YES;
				CLANG_WARN_BLOCK_CAPTURE_AUTORELEASING = YES;
				CLANG_WARN_BOOL_CONVERSION = YES;
				CLANG_WARN_COMMA = YES;
				CLANG_WARN_CONSTANT_CONVERSION = YES;
				CLANG_WARN_DEPRECATED_OBJC_IMPLEMENTATIONS = YES;
				CLANG_WARN_DIRECT_OBJC_ISA_USAGE = YES_ERROR;
				CLANG_WARN_DOCUMENTATION_COMMENTS = YES;
				CLANG_WARN_EMPTY_BODY = YES;
				CLANG_WARN_ENUM_CONVERSION = YES;
				CLANG_WARN_INFINITE_RECURSION = YES;
				CLANG_WARN_INT_CONVERSION = YES;
				CLANG_WARN_NON_LITERAL_NULL_CONVERSION = YES;
				CLANG_WARN_OBJC_IMPLICIT_RETAIN_SELF = YES;
				CLANG_WARN_OBJC_LITERAL_CONVERSION = YES;
				CLANG_WARN_OBJC_ROOT_CLASS = YES_ERROR;
				CLANG_WARN_RANGE_LOOP_ANALYSIS = YES;
				CLANG_WARN_STRICT_PROTOTYPES = YES;
				CLANG_WARN_SUSPICIOUS_MOVE = YES;
				CLANG_WARN_UNGUARDED_AVAILABILITY = YES_AGGRESSIVE;
				CLANG_WARN_UNREACHABLE_CODE = YES;
				CLANG_WARN__DUPLICATE_METHOD_MATCH = YES;
				COPY_PHASE_STRIP = NO;
				DEBUG_INFORMATION_FORMAT = "dwarf-with-dsym";
				ENABLE_NS_ASSERTIONS = NO;
				ENABLE_STRICT_OBJC_MSGSEND = YES;
				GCC_C_LANGUAGE_STANDARD = gnu11;
				GCC_NO_COMMON_BLOCKS = YES;
				GCC_WARN_64_TO_32_BIT_CONVERSION = YES;
				GCC_WARN_ABOUT_RETURN_TYPE = YES_ERROR;
				GCC_WARN_UNDECLARED_SELECTOR = YES;
				GCC_WARN_UNINITIALIZED_AUTOS = YES_AGGRESSIVE;
				GCC_WARN_UNUSED_FUNCTION = YES;
				GCC_WARN_UNUSED_VARIABLE = YES;
				IPHONEOS_DEPLOYMENT_TARGET = 13.4;
				MTL_ENABLE_DEBUG_INFO = NO;
				MTL_FAST_MATH = YES;
				SDKROOT = iphoneos;
				SWIFT_COMPILATION_MODE = wholemodule;
				SWIFT_OPTIMIZATION_LEVEL = "-O";
				VALIDATE_PRODUCT = YES;
			};
			name = Release;
		};
		E1A517CC244E3E530020B060 /* Debug */ = {
			isa = XCBuildConfiguration;
			buildSettings = {
				ASSETCATALOG_COMPILER_APPICON_NAME = AppIcon;
				CODE_SIGN_STYLE = Automatic;
				DEVELOPMENT_TEAM = XWVP4F494Z;
				INFOPLIST_FILE = "Passing Data Between View Controllers Using Protocol Delegate and Closures/Info.plist";
				LD_RUNPATH_SEARCH_PATHS = (
					"$(inherited)",
					"@executable_path/Frameworks",
				);
				PRODUCT_BUNDLE_IDENTIFIER = "dev.jasonpinlac.Passing-Data-Between-View-Controllers-Using-Protocol-Delegate-and-Closures";
				PRODUCT_NAME = "$(TARGET_NAME)";
				SWIFT_VERSION = 5.0;
				TARGETED_DEVICE_FAMILY = 1;
			};
			name = Debug;
		};
		E1A517CD244E3E530020B060 /* Release */ = {
			isa = XCBuildConfiguration;
			buildSettings = {
				ASSETCATALOG_COMPILER_APPICON_NAME = AppIcon;
				CODE_SIGN_STYLE = Automatic;
				DEVELOPMENT_TEAM = XWVP4F494Z;
				INFOPLIST_FILE = "Passing Data Between View Controllers Using Protocol Delegate and Closures/Info.plist";
				LD_RUNPATH_SEARCH_PATHS = (
					"$(inherited)",
					"@executable_path/Frameworks",
				);
				PRODUCT_BUNDLE_IDENTIFIER = "dev.jasonpinlac.Passing-Data-Between-View-Controllers-Using-Protocol-Delegate-and-Closures";
				PRODUCT_NAME = "$(TARGET_NAME)";
				SWIFT_VERSION = 5.0;
				TARGETED_DEVICE_FAMILY = 1;
			};
			name = Release;
		};
/* End XCBuildConfiguration section */

/* Begin XCConfigurationList section */
		E1A517B2244E3E520020B060 /* Build configuration list for PBXProject "Passing Data Between View Controllers Using Protocol Delegate and Closures" */ = {
			isa = XCConfigurationList;
			buildConfigurations = (
				E1A517C9244E3E530020B060 /* Debug */,
				E1A517CA244E3E530020B060 /* Release */,
			);
			defaultConfigurationIsVisible = 0;
			defaultConfigurationName = Release;
		};
		E1A517CB244E3E530020B060 /* Build configuration list for PBXNativeTarget "Passing Data Between View Controllers Using Protocol Delegate and Closures" */ = {
			isa = XCConfigurationList;
			buildConfigurations = (
				E1A517CC244E3E530020B060 /* Debug */,
				E1A517CD244E3E530020B060 /* Release */,
			);
			defaultConfigurationIsVisible = 0;
			defaultConfigurationName = Release;
		};
/* End XCConfigurationList section */
	};
	rootObject = E1A517AF244E3E520020B060 /* Project object */;
}
